
Microsoft Visual Studio Solution File, Format Version 12.00
# Visual Studio 14
VisualStudioVersion = 14.0.25420.1
MinimumVisualStudioVersion = 10.0.40219.1
Project("{8BC9CEB8-8B4A-11D0-8D11-00A0C91BC942}") = "Gargoyle", "Gargoyle\Gargoyle.vcxproj", "{F313E731-84FF-42BB-8EF6-1FC64489C27E}"
EndProject
Project("{8BC9CEB8-8B4A-11D0-8D11-00A0C91BC942}") = "HollowingDropper", "HollowingDropper\HollowingDropper.vcxproj", "{6DF3715B-102F-4B2F-8A47-F954478A017B}"
EndProject
Project("{8BC9CEB8-8B4A-11D0-8D11-00A0C91BC942}") = "InjectionDLL", "InjectionDLL\InjectionDLL.vcxproj", "{0FD4C0C2-380E-476F-8EAA-DB5CC1971D60}"
EndProject
Project("{8BC9CEB8-8B4A-11D0-8D11-00A0C91BC942}") = "EXEPayload", "EXEPayload\EXEPayload.vcxproj", "{974E1B91-0F7A-4139-9DE0-4617A02EA4F3}"
EndProject
Project("{8BC9CEB8-8B4A-11D0-8D11-00A0C91BC942}") = "ReflectiveDLLPEForm", "ReflectiveDLLPEForm\ReflectiveDLLPEForm.vcxproj", "{3AD41A2B-0A0F-41C3-AC4C-1A052BF902AB}"
EndProject
Project("{8BC9CEB8-8B4A-11D0-8D11-00A0C91BC942}") = "ReflectiveDLLInjection", "ReflectiveDLLInjection\ReflectiveDLLInjection.vcxproj", "{CEFFB8A5-3748-4AB5-AFAC-AA79F6BF5977}"
EndProject
Project("{8BC9CEB8-8B4A-11D0-8D11-00A0C91BC942}") = "MEMORY MODULE", "MEMORY MODULE\MEMORY MODULE.vcxproj", "{9724121A-8D51-4686-BD83-45567A5E4229}"
EndProject
Project("{8BC9CEB8-8B4A-11D0-8D11-00A0C91BC942}") = "MemroyInjectionDLL", "MemroyInjectionDLL\MemroyInjectionDLL.vcxproj", "{90E2E935-7557-4AFB-AD9E-B14EC84A243A}"
EndProject
Project("{8BC9CEB8-8B4A-11D0-8D11-00A0C91BC942}") = "DLLTest", "DLLTest\DLLTest.vcxproj", "{25F8D1B0-3C56-42EC-84AB-B4A01932DF51}"
EndProject
Project("{8BC9CEB8-8B4A-11D0-8D11-00A0C91BC942}") = "UITest", "..\..\visual studio 2015\Projects\UITest\UITest\UITest.vcxproj", "{2CC5250F-B711-4637-8931-42A17B21C5A7}"
EndProject
Project("{8BC9CEB8-8B4A-11D0-8D11-00A0C91BC942}") = "ShellcodeInjection", "ShellcodeInjection\ShellcodeInjection.vcxproj", "{45525617-1157-4230-8B6C-C559702469DF}"
EndProject
Global
	GlobalSection(SolutionConfigurationPlatforms) = preSolution
		Debug|x64 = Debug|x64
		Debug|x86 = Debug|x86
		Release|x64 = Release|x64
		Release|x86 = Release|x86
	EndGlobalSection
	GlobalSection(ProjectConfigurationPlatforms) = postSolution
		{F313E731-84FF-42BB-8EF6-1FC64489C27E}.Debug|x64.ActiveCfg = Debug|x64
		{F313E731-84FF-42BB-8EF6-1FC64489C27E}.Debug|x64.Build.0 = Debug|x64
		{F313E731-84FF-42BB-8EF6-1FC64489C27E}.Debug|x86.ActiveCfg = Debug|Win32
		{F313E731-84FF-42BB-8EF6-1FC64489C27E}.Debug|x86.Build.0 = Debug|Win32
		{F313E731-84FF-42BB-8EF6-1FC64489C27E}.Release|x64.ActiveCfg = Release|x64
		{F313E731-84FF-42BB-8EF6-1FC64489C27E}.Release|x64.Build.0 = Release|x64
		{F313E731-84FF-42BB-8EF6-1FC64489C27E}.Release|x86.ActiveCfg = Release|Win32
		{F313E731-84FF-42BB-8EF6-1FC64489C27E}.Release|x86.Build.0 = Release|Win32
		{6DF3715B-102F-4B2F-8A47-F954478A017B}.Debug|x64.ActiveCfg = Debug|x64
		{6DF3715B-102F-4B2F-8A47-F954478A017B}.Debug|x64.Build.0 = Debug|x64
		{6DF3715B-102F-4B2F-8A47-F954478A017B}.Debug|x86.ActiveCfg = Debug|Win32
		{6DF3715B-102F-4B2F-8A47-F954478A017B}.Debug|x86.Build.0 = Debug|Win32
		{6DF3715B-102F-4B2F-8A47-F954478A017B}.Release|x64.ActiveCfg = Release|x64
		{6DF3715B-102F-4B2F-8A47-F954478A017B}.Release|x64.Build.0 = Release|x64
		{6DF3715B-102F-4B2F-8A47-F954478A017B}.Release|x86.ActiveCfg = Release|Win32
		{6DF3715B-102F-4B2F-8A47-F954478A017B}.Release|x86.Build.0 = Release|Win32
		{0FD4C0C2-380E-476F-8EAA-DB5CC1971D60}.Debug|x64.ActiveCfg = Debug|x64
		{0FD4C0C2-380E-476F-8EAA-DB5CC1971D60}.Debug|x64.Build.0 = Debug|x64
		{0FD4C0C2-380E-476F-8EAA-DB5CC1971D60}.Debug|x86.ActiveCfg = Debug|Win32
		{0FD4C0C2-380E-476F-8EAA-DB5CC1971D60}.Debug|x86.Build.0 = Debug|Win32
		{0FD4C0C2-380E-476F-8EAA-DB5CC1971D60}.Release|x64.ActiveCfg = Release|x64
		{0FD4C0C2-380E-476F-8EAA-DB5CC1971D60}.Release|x64.Build.0 = Release|x64
		{0FD4C0C2-380E-476F-8EAA-DB5CC1971D60}.Release|x86.ActiveCfg = Release|Win32
		{0FD4C0C2-380E-476F-8EAA-DB5CC1971D60}.Release|x86.Build.0 = Release|Win32
		{974E1B91-0F7A-4139-9DE0-4617A02EA4F3}.Debug|x64.ActiveCfg = Debug|x64
		{974E1B91-0F7A-4139-9DE0-4617A02EA4F3}.Debug|x64.Build.0 = Debug|x64
		{974E1B91-0F7A-4139-9DE0-4617A02EA4F3}.Debug|x86.ActiveCfg = Debug|Win32
		{974E1B91-0F7A-4139-9DE0-4617A02EA4F3}.Debug|x86.Build.0 = Debug|Win32
		{974E1B91-0F7A-4139-9DE0-4617A02EA4F3}.Release|x64.ActiveCfg = Release|x64
		{974E1B91-0F7A-4139-9DE0-4617A02EA4F3}.Release|x64.Build.0 = Release|x64
		{974E1B91-0F7A-4139-9DE0-4617A02EA4F3}.Release|x86.ActiveCfg = Release|Win32
		{974E1B91-0F7A-4139-9DE0-4617A02EA4F3}.Release|x86.Build.0 = Release|Win32
		{3AD41A2B-0A0F-41C3-AC4C-1A052BF902AB}.Debug|x64.ActiveCfg = Debug|x64
		{3AD41A2B-0A0F-41C3-AC4C-1A052BF902AB}.Debug|x64.Build.0 = Debug|x64
		{3AD41A2B-0A0F-41C3-AC4C-1A052BF902AB}.Debug|x86.ActiveCfg = Debug|Win32
		{3AD41A2B-0A0F-41C3-AC4C-1A052BF902AB}.Debug|x86.Build.0 = Debug|Win32
		{3AD41A2B-0A0F-41C3-AC4C-1A052BF902AB}.Release|x64.ActiveCfg = Release|x64
		{3AD41A2B-0A0F-41C3-AC4C-1A052BF902AB}.Release|x64.Build.0 = Release|x64
		{3AD41A2B-0A0F-41C3-AC4C-1A052BF902AB}.Release|x86.ActiveCfg = Release|Win32
		{3AD41A2B-0A0F-41C3-AC4C-1A052BF902AB}.Release|x86.Build.0 = Release|Win32
		{CEFFB8A5-3748-4AB5-AFAC-AA79F6BF5977}.Debug|x64.ActiveCfg = Debug|x64
		{CEFFB8A5-3748-4AB5-AFAC-AA79F6BF5977}.Debug|x64.Build.0 = Debug|x64
		{CEFFB8A5-3748-4AB5-AFAC-AA79F6BF5977}.Debug|x86.ActiveCfg = Debug|Win32
		{CEFFB8A5-3748-4AB5-AFAC-AA79F6BF5977}.Debug|x86.Build.0 = Debug|Win32
		{CEFFB8A5-3748-4AB5-AFAC-AA79F6BF5977}.Release|x64.ActiveCfg = Release|x64
		{CEFFB8A5-3748-4AB5-AFAC-AA79F6BF5977}.Release|x64.Build.0 = Release|x64
		{CEFFB8A5-3748-4AB5-AFAC-AA79F6BF5977}.Release|x86.ActiveCfg = Release|Win32
		{CEFFB8A5-3748-4AB5-AFAC-AA79F6BF5977}.Release|x86.Build.0 = Release|Win32
		{9724121A-8D51-4686-BD83-45567A5E4229}.Debug|x64.ActiveCfg = Debug|x64
		{9724121A-8D51-4686-BD83-45567A5E4229}.Debug|x64.Build.0 = Debug|x64
		{9724121A-8D51-4686-BD83-45567A5E4229}.Debug|x86.ActiveCfg = Debug|Win32
		{9724121A-8D51-4686-BD83-45567A5E4229}.Debug|x86.Build.0 = Debug|Win32
		{9724121A-8D51-4686-BD83-45567A5E4229}.Release|x64.ActiveCfg = Release|x64
		{9724121A-8D51-4686-BD83-45567A5E4229}.Release|x64.Build.0 = Release|x64
		{9724121A-8D51-4686-BD83-45567A5E4229}.Release|x86.ActiveCfg = Release|Win32
		{9724121A-8D51-4686-BD83-45567A5E4229}.Release|x86.Build.0 = Release|Win32
		{90E2E935-7557-4AFB-AD9E-B14EC84A243A}.Debug|x64.ActiveCfg = Debug|x64
		{90E2E935-7557-4AFB-AD9E-B14EC84A243A}.Debug|x64.Build.0 = Debug|x64
		{90E2E935-7557-4AFB-AD9E-B14EC84A243A}.Debug|x86.ActiveCfg = Debug|Win32
		{90E2E935-7557-4AFB-AD9E-B14EC84A243A}.Debug|x86.Build.0 = Debug|Win32
		{90E2E935-7557-4AFB-AD9E-B14EC84A243A}.Release|x64.ActiveCfg = Release|x64
		{90E2E935-7557-4AFB-AD9E-B14EC84A243A}.Release|x64.Build.0 = Release|x64
		{90E2E935-7557-4AFB-AD9E-B14EC84A243A}.Release|x86.ActiveCfg = Release|Win32
		{90E2E935-7557-4AFB-AD9E-B14EC84A243A}.Release|x86.Build.0 = Release|Win32
		{25F8D1B0-3C56-42EC-84AB-B4A01932DF51}.Debug|x64.ActiveCfg = Debug|x64
		{25F8D1B0-3C56-42EC-84AB-B4A01932DF51}.Debug|x64.Build.0 = Debug|x64
		{25F8D1B0-3C56-42EC-84AB-B4A01932DF51}.Debug|x86.ActiveCfg = Debug|Win32
		{25F8D1B0-3C56-42EC-84AB-B4A01932DF51}.Debug|x86.Build.0 = Debug|Win32
		{25F8D1B0-3C56-42EC-84AB-B4A01932DF51}.Release|x64.ActiveCfg = Release|x64
		{25F8D1B0-3C56-42EC-84AB-B4A01932DF51}.Release|x64.Build.0 = Release|x64
		{25F8D1B0-3C56-42EC-84AB-B4A01932DF51}.Release|x86.ActiveCfg = Release|Win32
		{25F8D1B0-3C56-42EC-84AB-B4A01932DF51}.Release|x86.Build.0 = Release|Win32
		{2CC5250F-B711-4637-8931-42A17B21C5A7}.Debug|x64.ActiveCfg = Debug|x64
		{2CC5250F-B711-4637-8931-42A17B21C5A7}.Debug|x64.Build.0 = Debug|x64
		{2CC5250F-B711-4637-8931-42A17B21C5A7}.Debug|x86.ActiveCfg = Debug|Win32
		{2CC5250F-B711-4637-8931-42A17B21C5A7}.Debug|x86.Build.0 = Debug|Win32
		{2CC5250F-B711-4637-8931-42A17B21C5A7}.Release|x64.ActiveCfg = Release|x64
		{2CC5250F-B711-4637-8931-42A17B21C5A7}.Release|x64.Build.0 = Release|x64
		{2CC5250F-B711-4637-8931-42A17B21C5A7}.Release|x86.ActiveCfg = Release|Win32
		{2CC5250F-B711-4637-8931-42A17B21C5A7}.Release|x86.Build.0 = Release|Win32
		{45525617-1157-4230-8B6C-C559702469DF}.Debug|x64.ActiveCfg = Debug|x64
		{45525617-1157-4230-8B6C-C559702469DF}.Debug|x64.Build.0 = Debug|x64
		{45525617-1157-4230-8B6C-C559702469DF}.Debug|x86.ActiveCfg = Debug|Win32
		{45525617-1157-4230-8B6C-C559702469DF}.Debug|x86.Build.0 = Debug|Win32
		{45525617-1157-4230-8B6C-C559702469DF}.Release|x64.ActiveCfg = Release|x64
		{45525617-1157-4230-8B6C-C559702469DF}.Release|x64.Build.0 = Release|x64
		{45525617-1157-4230-8B6C-C559702469DF}.Release|x86.ActiveCfg = Release|Win32
		{45525617-1157-4230-8B6C-C559702469DF}.Release|x86.Build.0 = Release|Win32
	EndGlobalSection
	GlobalSection(SolutionProperties) = preSolution
		HideSolutionNode = FALSE
	EndGlobalSection
EndGlobal
